
Microsoft Visual Studio Solution File, Format Version 12.00
Project("{FAE04EC0-301F-11D3-BF4B-00C04F79EFBC}") = "Accounting", "Accounting\Accounting.csproj", "{D4EE77A6-3A1F-4EE8-89E7-DE94D75F8B2B}"
EndProject
Project("{2150E333-8FDC-42A3-9474-1A3956D46DE8}") = "Solution Items", "Solution Items", "{5B6DA796-1307-4B76-9A52-67921248C001}"
	ProjectSection(SolutionItems) = preProject
		compose.yaml = compose.yaml
	EndProjectSection
EndProject
Project("{FAE04EC0-301F-11D3-BF4B-00C04F79EFBC}") = "Billing", "Billing\Billing.csproj", "{04D04FBB-EF59-48F9-B72F-ED95FAFD7A20}"
EndProject
Project("{FAE04EC0-301F-11D3-BF4B-00C04F79EFBC}") = "Reservations", "Reservations\Reservations.csproj", "{C564A0B9-15E7-4F3C-8F1C-36F56C403A12}"
EndProject
Project("{FAE04EC0-301F-11D3-BF4B-00C04F79EFBC}") = "Enterprise", "Enterprise\Enterprise.csproj", "{10CE61EE-BE67-4252-8B57-E9572C0B3AF8}"
EndProject
Project("{FAE04EC0-301F-11D3-BF4B-00C04F79EFBC}") = "Operations.ServiceDefaults", "Operations.ServiceDefaults\Operations.ServiceDefaults.csproj", "{6AE23408-908F-4F0F-B422-7CA1578846C7}"
EndProject
Project("{2150E333-8FDC-42A3-9474-1A3956D46DE8}") = "Platform", "Platform", "{1AE2C22F-E502-45BD-ADB8-2D4F96154CD0}"
EndProject
Project("{2150E333-8FDC-42A3-9474-1A3956D46DE8}") = "Billing", "Billing", "{EBC301D8-BAAE-4141-AAFC-7F6C7F5E6CB8}"
EndProject
Project("{2150E333-8FDC-42A3-9474-1A3956D46DE8}") = "Others", "Others", "{E07C8C69-DC1D-4FB7-AF79-190A870914CB}"
EndProject
Project("{FAE04EC0-301F-11D3-BF4B-00C04F79EFBC}") = "Billing.Tests.Unit", "Billing.Tests.Unit\Billing.Tests.Unit.csproj", "{7A52E04A-A45E-466B-82BF-C1E206D7A642}"
EndProject
Project("{FAE04EC0-301F-11D3-BF4B-00C04F79EFBC}") = "Billing.Tests.Integration", "Billing.Tests.Integration\Billing.Tests.Integration.csproj", "{BA9B204D-C734-4E2C-9EBC-0C421843B965}"
EndProject
Project("{FAE04EC0-301F-11D3-BF4B-00C04F79EFBC}") = "Billing.AppHost", "Billing.AppHost\Billing.AppHost.csproj", "{7E242B30-161D-4375-8F5D-21C1BE7FF700}"
EndProject
Global
	GlobalSection(SolutionConfigurationPlatforms) = preSolution
		Debug|Any CPU = Debug|Any CPU
		Release|Any CPU = Release|Any CPU
	EndGlobalSection
	GlobalSection(ProjectConfigurationPlatforms) = postSolution
		{D4EE77A6-3A1F-4EE8-89E7-DE94D75F8B2B}.Debug|Any CPU.ActiveCfg = Debug|Any CPU
		{D4EE77A6-3A1F-4EE8-89E7-DE94D75F8B2B}.Debug|Any CPU.Build.0 = Debug|Any CPU
		{D4EE77A6-3A1F-4EE8-89E7-DE94D75F8B2B}.Release|Any CPU.ActiveCfg = Release|Any CPU
		{D4EE77A6-3A1F-4EE8-89E7-DE94D75F8B2B}.Release|Any CPU.Build.0 = Release|Any CPU
		{04D04FBB-EF59-48F9-B72F-ED95FAFD7A20}.Debug|Any CPU.ActiveCfg = Debug|Any CPU
		{04D04FBB-EF59-48F9-B72F-ED95FAFD7A20}.Debug|Any CPU.Build.0 = Debug|Any CPU
		{04D04FBB-EF59-48F9-B72F-ED95FAFD7A20}.Release|Any CPU.ActiveCfg = Release|Any CPU
		{04D04FBB-EF59-48F9-B72F-ED95FAFD7A20}.Release|Any CPU.Build.0 = Release|Any CPU
		{C564A0B9-15E7-4F3C-8F1C-36F56C403A12}.Debug|Any CPU.ActiveCfg = Debug|Any CPU
		{C564A0B9-15E7-4F3C-8F1C-36F56C403A12}.Debug|Any CPU.Build.0 = Debug|Any CPU
		{C564A0B9-15E7-4F3C-8F1C-36F56C403A12}.Release|Any CPU.ActiveCfg = Release|Any CPU
		{C564A0B9-15E7-4F3C-8F1C-36F56C403A12}.Release|Any CPU.Build.0 = Release|Any CPU
		{10CE61EE-BE67-4252-8B57-E9572C0B3AF8}.Debug|Any CPU.ActiveCfg = Debug|Any CPU
		{10CE61EE-BE67-4252-8B57-E9572C0B3AF8}.Debug|Any CPU.Build.0 = Debug|Any CPU
		{10CE61EE-BE67-4252-8B57-E9572C0B3AF8}.Release|Any CPU.ActiveCfg = Release|Any CPU
		{10CE61EE-BE67-4252-8B57-E9572C0B3AF8}.Release|Any CPU.Build.0 = Release|Any CPU
		{6AE23408-908F-4F0F-B422-7CA1578846C7}.Debug|Any CPU.ActiveCfg = Debug|Any CPU
		{6AE23408-908F-4F0F-B422-7CA1578846C7}.Debug|Any CPU.Build.0 = Debug|Any CPU
		{6AE23408-908F-4F0F-B422-7CA1578846C7}.Release|Any CPU.ActiveCfg = Release|Any CPU
		{6AE23408-908F-4F0F-B422-7CA1578846C7}.Release|Any CPU.Build.0 = Release|Any CPU
		{7A52E04A-A45E-466B-82BF-C1E206D7A642}.Debug|Any CPU.ActiveCfg = Debug|Any CPU
		{7A52E04A-A45E-466B-82BF-C1E206D7A642}.Debug|Any CPU.Build.0 = Debug|Any CPU
		{7A52E04A-A45E-466B-82BF-C1E206D7A642}.Release|Any CPU.ActiveCfg = Release|Any CPU
		{7A52E04A-A45E-466B-82BF-C1E206D7A642}.Release|Any CPU.Build.0 = Release|Any CPU
		{BA9B204D-C734-4E2C-9EBC-0C421843B965}.Debug|Any CPU.ActiveCfg = Debug|Any CPU
		{BA9B204D-C734-4E2C-9EBC-0C421843B965}.Debug|Any CPU.Build.0 = Debug|Any CPU
		{BA9B204D-C734-4E2C-9EBC-0C421843B965}.Release|Any CPU.ActiveCfg = Release|Any CPU
		{BA9B204D-C734-4E2C-9EBC-0C421843B965}.Release|Any CPU.Build.0 = Release|Any CPU
		{7E242B30-161D-4375-8F5D-21C1BE7FF700}.Debug|Any CPU.ActiveCfg = Debug|Any CPU
		{7E242B30-161D-4375-8F5D-21C1BE7FF700}.Debug|Any CPU.Build.0 = Debug|Any CPU
		{7E242B30-161D-4375-8F5D-21C1BE7FF700}.Release|Any CPU.ActiveCfg = Release|Any CPU
		{7E242B30-161D-4375-8F5D-21C1BE7FF700}.Release|Any CPU.Build.0 = Release|Any CPU
	EndGlobalSection
	GlobalSection(NestedProjects) = preSolution
		{6AE23408-908F-4F0F-B422-7CA1578846C7} = {1AE2C22F-E502-45BD-ADB8-2D4F96154CD0}
		{04D04FBB-EF59-48F9-B72F-ED95FAFD7A20} = {EBC301D8-BAAE-4141-AAFC-7F6C7F5E6CB8}
		{D4EE77A6-3A1F-4EE8-89E7-DE94D75F8B2B} = {E07C8C69-DC1D-4FB7-AF79-190A870914CB}
		{10CE61EE-BE67-4252-8B57-E9572C0B3AF8} = {E07C8C69-DC1D-4FB7-AF79-190A870914CB}
		{C564A0B9-15E7-4F3C-8F1C-36F56C403A12} = {E07C8C69-DC1D-4FB7-AF79-190A870914CB}
		{7A52E04A-A45E-466B-82BF-C1E206D7A642} = {EBC301D8-BAAE-4141-AAFC-7F6C7F5E6CB8}
		{BA9B204D-C734-4E2C-9EBC-0C421843B965} = {EBC301D8-BAAE-4141-AAFC-7F6C7F5E6CB8}
		{7E242B30-161D-4375-8F5D-21C1BE7FF700} = {EBC301D8-BAAE-4141-AAFC-7F6C7F5E6CB8}
	EndGlobalSection
EndGlobal
